
Microsoft Visual Studio Solution File, Format Version 12.00
# Visual Studio Version 17
VisualStudioVersion = 17.4.33213.308
MinimumVisualStudioVersion = 10.0.40219.1
Project("{FAE04EC0-301F-11D3-BF4B-00C04F79EFBC}") = "EstruturaSequencialExercicioQuadro", "EstruturaSequencialExercicioQuadro\EstruturaSequencialExercicioQuadro.csproj", "{CAD060B4-C7C3-491E-AF63-2BE42D35AFCD}"
EndProject
Global
	GlobalSection(SolutionConfigurationPlatforms) = preSolution
		Debug|Any CPU = Debug|Any CPU
		Release|Any CPU = Release|Any CPU
	EndGlobalSection
	GlobalSection(ProjectConfigurationPlatforms) = postSolution
		{CAD060B4-C7C3-491E-AF63-2BE42D35AFCD}.Debug|Any CPU.ActiveCfg = Debug|Any CPU
		{CAD060B4-C7C3-491E-AF63-2BE42D35AFCD}.Debug|Any CPU.Build.0 = Debug|Any CPU
		{CAD060B4-C7C3-491E-AF63-2BE42D35AFCD}.Release|Any CPU.ActiveCfg = Release|Any CPU
		{CAD060B4-C7C3-491E-AF63-2BE42D35AFCD}.Release|Any CPU.Build.0 = Release|Any CPU
	EndGlobalSection
	GlobalSection(SolutionProperties) = preSolution
		HideSolutionNode = FALSE
	EndGlobalSection
	GlobalSection(ExtensibilityGlobals) = postSolution
		SolutionGuid = {796A5146-6FBE-437C-A9A6-C2D57F81B223}
	EndGlobalSection
EndGlobal
